
Microsoft Visual Studio Solution File, Format Version 12.00
# Visual Studio Version 16
VisualStudioVersion = 16.0.31129.286
MinimumVisualStudioVersion = 10.0.40219.1
Project("{FAE04EC0-301F-11D3-BF4B-00C04F79EFBC}") = "Version1", "Version1\Version1.csproj", "{E25ED92D-FF1A-42C3-9449-E1EAA0017DA4}"
EndProject
Project("{9A19103F-16F7-4668-BE54-9A1E7A4F7556}") = "Project_Tests", "Project_Tests\Project_Tests.csproj", "{138D6909-EF59-45F4-93B4-A3D0EDDF8818}"
EndProject
Project("{FAE04EC0-301F-11D3-BF4B-00C04F79EFBC}") = "WebApplication", "WebApplication\WebApplication.csproj", "{25265A2A-F522-41AF-91E1-55382AA805D1}"
EndProject
Project("{FAE04EC0-301F-11D3-BF4B-00C04F79EFBC}") = "ServerApi", "ServerApi\ServerApi.csproj", "{E86EE31B-E8AE-4823-881B-735E6B710EF5}"
EndProject
Global
	GlobalSection(SolutionConfigurationPlatforms) = preSolution
		Debug|Any CPU = Debug|Any CPU
		Release|Any CPU = Release|Any CPU
	EndGlobalSection
	GlobalSection(ProjectConfigurationPlatforms) = postSolution
		{E25ED92D-FF1A-42C3-9449-E1EAA0017DA4}.Debug|Any CPU.ActiveCfg = Debug|Any CPU
		{E25ED92D-FF1A-42C3-9449-E1EAA0017DA4}.Debug|Any CPU.Build.0 = Debug|Any CPU
		{E25ED92D-FF1A-42C3-9449-E1EAA0017DA4}.Release|Any CPU.ActiveCfg = Release|Any CPU
		{E25ED92D-FF1A-42C3-9449-E1EAA0017DA4}.Release|Any CPU.Build.0 = Release|Any CPU
		{138D6909-EF59-45F4-93B4-A3D0EDDF8818}.Debug|Any CPU.ActiveCfg = Debug|Any CPU
		{138D6909-EF59-45F4-93B4-A3D0EDDF8818}.Debug|Any CPU.Build.0 = Debug|Any CPU
		{138D6909-EF59-45F4-93B4-A3D0EDDF8818}.Release|Any CPU.ActiveCfg = Release|Any CPU
		{138D6909-EF59-45F4-93B4-A3D0EDDF8818}.Release|Any CPU.Build.0 = Release|Any CPU
		{25265A2A-F522-41AF-91E1-55382AA805D1}.Debug|Any CPU.ActiveCfg = Debug|Any CPU
		{25265A2A-F522-41AF-91E1-55382AA805D1}.Debug|Any CPU.Build.0 = Debug|Any CPU
		{25265A2A-F522-41AF-91E1-55382AA805D1}.Release|Any CPU.ActiveCfg = Release|Any CPU
		{25265A2A-F522-41AF-91E1-55382AA805D1}.Release|Any CPU.Build.0 = Release|Any CPU
		{E86EE31B-E8AE-4823-881B-735E6B710EF5}.Debug|Any CPU.ActiveCfg = Debug|Any CPU
		{E86EE31B-E8AE-4823-881B-735E6B710EF5}.Debug|Any CPU.Build.0 = Debug|Any CPU
		{E86EE31B-E8AE-4823-881B-735E6B710EF5}.Release|Any CPU.ActiveCfg = Release|Any CPU
		{E86EE31B-E8AE-4823-881B-735E6B710EF5}.Release|Any CPU.Build.0 = Release|Any CPU
	EndGlobalSection
	GlobalSection(SolutionProperties) = preSolution
		HideSolutionNode = FALSE
	EndGlobalSection
	GlobalSection(ExtensibilityGlobals) = postSolution
		SolutionGuid = {63A6A7BE-4F72-4188-A691-12D82308980D}
	EndGlobalSection
EndGlobal
